
Microsoft Visual Studio Solution File, Format Version 12.00
# Visual Studio 15
VisualStudioVersion = 15.0.27130.2003
MinimumVisualStudioVersion = 10.0.40219.1
Project("{FAE04EC0-301F-11D3-BF4B-00C04F79EFBC}") = "CodifyTestFWork", "ClassLibrary1\CodifyTestFWork.csproj", "{7DE755AE-439D-4867-9032-3D45EC1ADA56}"
EndProject
Global
	GlobalSection(SolutionConfigurationPlatforms) = preSolution
		Debug|Any CPU = Debug|Any CPU
		Release|Any CPU = Release|Any CPU
	EndGlobalSection
	GlobalSection(ProjectConfigurationPlatforms) = postSolution
		{7DE755AE-439D-4867-9032-3D45EC1ADA56}.Debug|Any CPU.ActiveCfg = Debug|Any CPU
		{7DE755AE-439D-4867-9032-3D45EC1ADA56}.Debug|Any CPU.Build.0 = Debug|Any CPU
		{7DE755AE-439D-4867-9032-3D45EC1ADA56}.Release|Any CPU.ActiveCfg = Release|Any CPU
		{7DE755AE-439D-4867-9032-3D45EC1ADA56}.Release|Any CPU.Build.0 = Release|Any CPU
	EndGlobalSection
	GlobalSection(SolutionProperties) = preSolution
		HideSolutionNode = FALSE
	EndGlobalSection
	GlobalSection(ExtensibilityGlobals) = postSolution
		SolutionGuid = {197262A5-D895-4A11-B839-61E7280192B6}
	EndGlobalSection
EndGlobal
